
Microsoft Visual Studio Solution File, Format Version 12.00
# Visual Studio Version 17
VisualStudioVersion = 17.2.32519.379
MinimumVisualStudioVersion = 10.0.40219.1
Project("{9A19103F-16F7-4668-BE54-9A1E7A4F7556}") = "dailywords_Robot", "dailywords_Robot.csproj", "{01B28D2D-8897-4906-9D91-C4E29E302913}"
EndProject
Global
	GlobalSection(SolutionConfigurationPlatforms) = preSolution
		Debug|Any CPU = Debug|Any CPU
		Release|Any CPU = Release|Any CPU
	EndGlobalSection
	GlobalSection(ProjectConfigurationPlatforms) = postSolution
		{01B28D2D-8897-4906-9D91-C4E29E302913}.Debug|Any CPU.ActiveCfg = Debug|Any CPU
		{01B28D2D-8897-4906-9D91-C4E29E302913}.Debug|Any CPU.Build.0 = Debug|Any CPU
		{01B28D2D-8897-4906-9D91-C4E29E302913}.Release|Any CPU.ActiveCfg = Release|Any CPU
		{01B28D2D-8897-4906-9D91-C4E29E302913}.Release|Any CPU.Build.0 = Release|Any CPU
	EndGlobalSection
	GlobalSection(SolutionProperties) = preSolution
		HideSolutionNode = FALSE
	EndGlobalSection
	GlobalSection(ExtensibilityGlobals) = postSolution
		SolutionGuid = {A2CFD28E-D2A1-4CCC-ABF8-B10A3DF1B821}
	EndGlobalSection
EndGlobal
